
Microsoft Visual Studio Solution File, Format Version 12.00
# Visual Studio Version 17
VisualStudioVersion = 17.6.33723.286
MinimumVisualStudioVersion = 10.0.40219.1
Project("{9A19103F-16F7-4668-BE54-9A1E7A4F7556}") = "azure-web-app-vs", "azure-web-app-vs\azure-web-app-vs.csproj", "{76CE204C-F550-4ADD-B6A9-6B4B9F26B635}"
EndProject
Project("{9A19103F-16F7-4668-BE54-9A1E7A4F7556}") = "azure-web-api", "azure-web-api\azure-web-api.csproj", "{25CA478A-6C1A-4689-8F22-587A08D35801}"
EndProject
Project("{9A19103F-16F7-4668-BE54-9A1E7A4F7556}") = "azure-storage-account", "azure-storage-account\azure-storage-account.csproj", "{A2E3CE6C-51AC-4FBE-A2E7-6DEB05508B93}"
EndProject
Project("{9A19103F-16F7-4668-BE54-9A1E7A4F7556}") = "QueueConsumer", "QueueConsumer\QueueConsumer.csproj", "{3591CECA-1683-47BD-BACA-FD28CBFE5192}"
EndProject
Project("{9A19103F-16F7-4668-BE54-9A1E7A4F7556}") = "ServiceBusSender", "ServiceBusSender\ServiceBusSender.csproj", "{3ADAC943-B1E0-4B14-9B54-FD631AD572E0}"
EndProject
Project("{9A19103F-16F7-4668-BE54-9A1E7A4F7556}") = "ServiceBusReceiver", "ServiceBusReceiver\ServiceBusReceiver.csproj", "{F46CBDD0-AA48-4643-B987-381D2A8874B4}"
EndProject
Project("{9A19103F-16F7-4668-BE54-9A1E7A4F7556}") = "ServiceBusSenderTopic", "ServiceBusSenderTopic\ServiceBusSenderTopic.csproj", "{4CEA6EAF-9147-4D28-8FE1-BA6246812092}"
EndProject
Project("{9A19103F-16F7-4668-BE54-9A1E7A4F7556}") = "ServiceBusReceiverTopic", "ServiceBusReceiverTopic\ServiceBusReceiverTopic.csproj", "{BB5E5510-C679-4934-BF26-144090CCCB77}"
EndProject
Project("{9A19103F-16F7-4668-BE54-9A1E7A4F7556}") = "FunctionApp.Demo", "FunctionApp.Demo\FunctionApp.Demo.csproj", "{36CB97CA-5C5C-4BD7-BAF9-9C1366BC4034}"
EndProject
Global
	GlobalSection(SolutionConfigurationPlatforms) = preSolution
		Debug|Any CPU = Debug|Any CPU
		Release|Any CPU = Release|Any CPU
	EndGlobalSection
	GlobalSection(ProjectConfigurationPlatforms) = postSolution
		{76CE204C-F550-4ADD-B6A9-6B4B9F26B635}.Debug|Any CPU.ActiveCfg = Debug|Any CPU
		{76CE204C-F550-4ADD-B6A9-6B4B9F26B635}.Debug|Any CPU.Build.0 = Debug|Any CPU
		{76CE204C-F550-4ADD-B6A9-6B4B9F26B635}.Release|Any CPU.ActiveCfg = Release|Any CPU
		{76CE204C-F550-4ADD-B6A9-6B4B9F26B635}.Release|Any CPU.Build.0 = Release|Any CPU
		{25CA478A-6C1A-4689-8F22-587A08D35801}.Debug|Any CPU.ActiveCfg = Debug|Any CPU
		{25CA478A-6C1A-4689-8F22-587A08D35801}.Debug|Any CPU.Build.0 = Debug|Any CPU
		{25CA478A-6C1A-4689-8F22-587A08D35801}.Release|Any CPU.ActiveCfg = Release|Any CPU
		{25CA478A-6C1A-4689-8F22-587A08D35801}.Release|Any CPU.Build.0 = Release|Any CPU
		{A2E3CE6C-51AC-4FBE-A2E7-6DEB05508B93}.Debug|Any CPU.ActiveCfg = Debug|Any CPU
		{A2E3CE6C-51AC-4FBE-A2E7-6DEB05508B93}.Debug|Any CPU.Build.0 = Debug|Any CPU
		{A2E3CE6C-51AC-4FBE-A2E7-6DEB05508B93}.Release|Any CPU.ActiveCfg = Release|Any CPU
		{A2E3CE6C-51AC-4FBE-A2E7-6DEB05508B93}.Release|Any CPU.Build.0 = Release|Any CPU
		{3591CECA-1683-47BD-BACA-FD28CBFE5192}.Debug|Any CPU.ActiveCfg = Debug|Any CPU
		{3591CECA-1683-47BD-BACA-FD28CBFE5192}.Debug|Any CPU.Build.0 = Debug|Any CPU
		{3591CECA-1683-47BD-BACA-FD28CBFE5192}.Release|Any CPU.ActiveCfg = Release|Any CPU
		{3591CECA-1683-47BD-BACA-FD28CBFE5192}.Release|Any CPU.Build.0 = Release|Any CPU
		{3ADAC943-B1E0-4B14-9B54-FD631AD572E0}.Debug|Any CPU.ActiveCfg = Debug|Any CPU
		{3ADAC943-B1E0-4B14-9B54-FD631AD572E0}.Debug|Any CPU.Build.0 = Debug|Any CPU
		{3ADAC943-B1E0-4B14-9B54-FD631AD572E0}.Release|Any CPU.ActiveCfg = Release|Any CPU
		{3ADAC943-B1E0-4B14-9B54-FD631AD572E0}.Release|Any CPU.Build.0 = Release|Any CPU
		{F46CBDD0-AA48-4643-B987-381D2A8874B4}.Debug|Any CPU.ActiveCfg = Debug|Any CPU
		{F46CBDD0-AA48-4643-B987-381D2A8874B4}.Debug|Any CPU.Build.0 = Debug|Any CPU
		{F46CBDD0-AA48-4643-B987-381D2A8874B4}.Release|Any CPU.ActiveCfg = Release|Any CPU
		{F46CBDD0-AA48-4643-B987-381D2A8874B4}.Release|Any CPU.Build.0 = Release|Any CPU
		{4CEA6EAF-9147-4D28-8FE1-BA6246812092}.Debug|Any CPU.ActiveCfg = Debug|Any CPU
		{4CEA6EAF-9147-4D28-8FE1-BA6246812092}.Debug|Any CPU.Build.0 = Debug|Any CPU
		{4CEA6EAF-9147-4D28-8FE1-BA6246812092}.Release|Any CPU.ActiveCfg = Release|Any CPU
		{4CEA6EAF-9147-4D28-8FE1-BA6246812092}.Release|Any CPU.Build.0 = Release|Any CPU
		{BB5E5510-C679-4934-BF26-144090CCCB77}.Debug|Any CPU.ActiveCfg = Debug|Any CPU
		{BB5E5510-C679-4934-BF26-144090CCCB77}.Debug|Any CPU.Build.0 = Debug|Any CPU
		{BB5E5510-C679-4934-BF26-144090CCCB77}.Release|Any CPU.ActiveCfg = Release|Any CPU
		{BB5E5510-C679-4934-BF26-144090CCCB77}.Release|Any CPU.Build.0 = Release|Any CPU
		{36CB97CA-5C5C-4BD7-BAF9-9C1366BC4034}.Debug|Any CPU.ActiveCfg = Debug|Any CPU
		{36CB97CA-5C5C-4BD7-BAF9-9C1366BC4034}.Debug|Any CPU.Build.0 = Debug|Any CPU
		{36CB97CA-5C5C-4BD7-BAF9-9C1366BC4034}.Release|Any CPU.ActiveCfg = Release|Any CPU
		{36CB97CA-5C5C-4BD7-BAF9-9C1366BC4034}.Release|Any CPU.Build.0 = Release|Any CPU
	EndGlobalSection
	GlobalSection(SolutionProperties) = preSolution
		HideSolutionNode = FALSE
	EndGlobalSection
	GlobalSection(ExtensibilityGlobals) = postSolution
		SolutionGuid = {FA42E159-3E0D-4E5F-9103-B9816E4CA958}
	EndGlobalSection
EndGlobal
